// !$*UTF8*$!
{
	archiveVersion = 1;
	classes = {
	};
	objectVersion = 50;
	objects = {

/* Begin PBXBuildFile section */
		2847F440FC98B472169A8DC3 /* Pods_TenissBB2.framework in Frameworks */ = {isa = PBXBuildFile; fileRef = FA03257EFEAB74DA53F50593 /* Pods_TenissBB2.framework */; };
		3EC30D3D46C5ACB7DE155BC3 /* Pods_TenissBB2UITests.framework in Frameworks */ = {isa = PBXBuildFile; fileRef = 723A783E81505BFEE1140AA2 /* Pods_TenissBB2UITests.framework */; };
		C511564420E87BB6007C05AE /* InviteContentsViewController.swift in Sources */ = {isa = PBXBuildFile; fileRef = C511564320E87BB6007C05AE /* InviteContentsViewController.swift */; };
		C511564620EF706D007C05AE /* SigninViewController.swift in Sources */ = {isa = PBXBuildFile; fileRef = C511564520EF706D007C05AE /* SigninViewController.swift */; };
		C525B71121303B4700C8DC8D /* blue-blurred-background.jpg in Resources */ = {isa = PBXBuildFile; fileRef = C525B71021303B4700C8DC8D /* blue-blurred-background.jpg */; };
		C525B7132139551300C8DC8D /* Post.swift in Sources */ = {isa = PBXBuildFile; fileRef = C525B7122139551300C8DC8D /* Post.swift */; };
		C5336B13215505380099ADB7 /* JoinViewController.swift in Sources */ = {isa = PBXBuildFile; fileRef = C5336B12215505380099ADB7 /* JoinViewController.swift */; };
		C5D6502B20E63117004DECD6 /* AppDelegate.swift in Sources */ = {isa = PBXBuildFile; fileRef = C5D6502A20E63117004DECD6 /* AppDelegate.swift */; };
		C5D6502D20E63117004DECD6 /* SearchViewController.swift in Sources */ = {isa = PBXBuildFile; fileRef = C5D6502C20E63117004DECD6 /* SearchViewController.swift */; };
		C5D6503020E63117004DECD6 /* Main.storyboard in Resources */ = {isa = PBXBuildFile; fileRef = C5D6502E20E63117004DECD6 /* Main.storyboard */; };
		C5D6503220E63118004DECD6 /* Assets.xcassets in Resources */ = {isa = PBXBuildFile; fileRef = C5D6503120E63118004DECD6 /* Assets.xcassets */; };
		C5D6503520E63118004DECD6 /* LaunchScreen.storyboard in Resources */ = {isa = PBXBuildFile; fileRef = C5D6503320E63118004DECD6 /* LaunchScreen.storyboard */; };
		C5D6504020E63118004DECD6 /* TenissBB2Tests.swift in Sources */ = {isa = PBXBuildFile; fileRef = C5D6503F20E63118004DECD6 /* TenissBB2Tests.swift */; };
		C5D6504B20E63119004DECD6 /* TenissBB2UITests.swift in Sources */ = {isa = PBXBuildFile; fileRef = C5D6504A20E63119004DECD6 /* TenissBB2UITests.swift */; };
		C5D6505920E632AB004DECD6 /* SearchViewControllerTableViewCell.swift in Sources */ = {isa = PBXBuildFile; fileRef = C5D6505820E632AB004DECD6 /* SearchViewControllerTableViewCell.swift */; };
		C5D6505F20E64060004DECD6 /* LoginViewController.swift in Sources */ = {isa = PBXBuildFile; fileRef = C5D6505E20E64060004DECD6 /* LoginViewController.swift */; };
		C5D6506320E64C14004DECD6 /* GoogleService-Info.plist in Resources */ = {isa = PBXBuildFile; fileRef = C5D6506220E64C13004DECD6 /* GoogleService-Info.plist */; };
		DA724858DAB28ECCADE331A7 /* Pods_TenissBB2Tests.framework in Frameworks */ = {isa = PBXBuildFile; fileRef = 4A5CD81B272EE5224E2FC95F /* Pods_TenissBB2Tests.framework */; };
/* End PBXBuildFile section */

/* Begin PBXContainerItemProxy section */
		C5D6503C20E63118004DECD6 /* PBXContainerItemProxy */ = {
			isa = PBXContainerItemProxy;
			containerPortal = C5D6501F20E63117004DECD6 /* Project object */;
			proxyType = 1;
			remoteGlobalIDString = C5D6502620E63117004DECD6;
			remoteInfo = TenissBB2;
		};
		C5D6504720E63119004DECD6 /* PBXContainerItemProxy */ = {
			isa = PBXContainerItemProxy;
			containerPortal = C5D6501F20E63117004DECD6 /* Project object */;
			proxyType = 1;
			remoteGlobalIDString = C5D6502620E63117004DECD6;
			remoteInfo = TenissBB2;
		};
/* End PBXContainerItemProxy section */

/* Begin PBXFileReference section */
		11D8AA826D9D283DF5FBC5B1 /* Pods-TenissBB2Tests.release.xcconfig */ = {isa = PBXFileReference; includeInIndex = 1; lastKnownFileType = text.xcconfig; name = "Pods-TenissBB2Tests.release.xcconfig"; path = "Pods/Target Support Files/Pods-TenissBB2Tests/Pods-TenissBB2Tests.release.xcconfig"; sourceTree = "<group>"; };
		4A5CD81B272EE5224E2FC95F /* Pods_TenissBB2Tests.framework */ = {isa = PBXFileReference; explicitFileType = wrapper.framework; includeInIndex = 0; path = Pods_TenissBB2Tests.framework; sourceTree = BUILT_PRODUCTS_DIR; };
		723A783E81505BFEE1140AA2 /* Pods_TenissBB2UITests.framework */ = {isa = PBXFileReference; explicitFileType = wrapper.framework; includeInIndex = 0; path = Pods_TenissBB2UITests.framework; sourceTree = BUILT_PRODUCTS_DIR; };
		840EEEF87A078F0238DB7B8D /* Pods-TenissBB2UITests.debug.xcconfig */ = {isa = PBXFileReference; includeInIndex = 1; lastKnownFileType = text.xcconfig; name = "Pods-TenissBB2UITests.debug.xcconfig"; path = "Pods/Target Support Files/Pods-TenissBB2UITests/Pods-TenissBB2UITests.debug.xcconfig"; sourceTree = "<group>"; };
		9A1E6827E9C167A3FDDB9F06 /* Pods-TenissBB2.debug.xcconfig */ = {isa = PBXFileReference; includeInIndex = 1; lastKnownFileType = text.xcconfig; name = "Pods-TenissBB2.debug.xcconfig"; path = "Pods/Target Support Files/Pods-TenissBB2/Pods-TenissBB2.debug.xcconfig"; sourceTree = "<group>"; };
		AE9C96927045CC6254299651 /* Pods-TenissBB2.release.xcconfig */ = {isa = PBXFileReference; includeInIndex = 1; lastKnownFileType = text.xcconfig; name = "Pods-TenissBB2.release.xcconfig"; path = "Pods/Target Support Files/Pods-TenissBB2/Pods-TenissBB2.release.xcconfig"; sourceTree = "<group>"; };
		C506E8F503D842C64B880D09 /* Pods-TenissBB2Tests.debug.xcconfig */ = {isa = PBXFileReference; includeInIndex = 1; lastKnownFileType = text.xcconfig; name = "Pods-TenissBB2Tests.debug.xcconfig"; path = "Pods/Target Support Files/Pods-TenissBB2Tests/Pods-TenissBB2Tests.debug.xcconfig"; sourceTree = "<group>"; };
		C511564320E87BB6007C05AE /* InviteContentsViewController.swift */ = {isa = PBXFileReference; lastKnownFileType = sourcecode.swift; path = InviteContentsViewController.swift; sourceTree = "<group>"; };
		C511564520EF706D007C05AE /* SigninViewController.swift */ = {isa = PBXFileReference; lastKnownFileType = sourcecode.swift; path = SigninViewController.swift; sourceTree = "<group>"; };
		C525B71021303B4700C8DC8D /* blue-blurred-background.jpg */ = {isa = PBXFileReference; lastKnownFileType = image.jpeg; name = "blue-blurred-background.jpg"; path = "../../School_motsuken_Shirokane/TennisBB/barbuttonicon/icons/blue-blurred-background.jpg"; sourceTree = "<group>"; };
		C525B7122139551300C8DC8D /* Post.swift */ = {isa = PBXFileReference; lastKnownFileType = sourcecode.swift; path = Post.swift; sourceTree = "<group>"; };
		C5336B12215505380099ADB7 /* JoinViewController.swift */ = {isa = PBXFileReference; lastKnownFileType = sourcecode.swift; path = JoinViewController.swift; sourceTree = "<group>"; };
		C5D6502720E63117004DECD6 /* TenissBB2.app */ = {isa = PBXFileReference; explicitFileType = wrapper.application; includeInIndex = 0; path = TenissBB2.app; sourceTree = BUILT_PRODUCTS_DIR; };
		C5D6502A20E63117004DECD6 /* AppDelegate.swift */ = {isa = PBXFileReference; lastKnownFileType = sourcecode.swift; path = AppDelegate.swift; sourceTree = "<group>"; };
		C5D6502C20E63117004DECD6 /* SearchViewController.swift */ = {isa = PBXFileReference; lastKnownFileType = sourcecode.swift; path = SearchViewController.swift; sourceTree = "<group>"; };
		C5D6502F20E63117004DECD6 /* Base */ = {isa = PBXFileReference; lastKnownFileType = file.storyboard; name = Base; path = Base.lproj/Main.storyboard; sourceTree = "<group>"; };
		C5D6503120E63118004DECD6 /* Assets.xcassets */ = {isa = PBXFileReference; lastKnownFileType = folder.assetcatalog; path = Assets.xcassets; sourceTree = "<group>"; };
		C5D6503420E63118004DECD6 /* Base */ = {isa = PBXFileReference; lastKnownFileType = file.storyboard; name = Base; path = Base.lproj/LaunchScreen.storyboard; sourceTree = "<group>"; };
		C5D6503620E63118004DECD6 /* Info.plist */ = {isa = PBXFileReference; lastKnownFileType = text.plist.xml; path = Info.plist; sourceTree = "<group>"; };
		C5D6503B20E63118004DECD6 /* TenissBB2Tests.xctest */ = {isa = PBXFileReference; explicitFileType = wrapper.cfbundle; includeInIndex = 0; path = TenissBB2Tests.xctest; sourceTree = BUILT_PRODUCTS_DIR; };
		C5D6503F20E63118004DECD6 /* TenissBB2Tests.swift */ = {isa = PBXFileReference; lastKnownFileType = sourcecode.swift; path = TenissBB2Tests.swift; sourceTree = "<group>"; };
		C5D6504120E63118004DECD6 /* Info.plist */ = {isa = PBXFileReference; lastKnownFileType = text.plist.xml; path = Info.plist; sourceTree = "<group>"; };
		C5D6504620E63119004DECD6 /* TenissBB2UITests.xctest */ = {isa = PBXFileReference; explicitFileType = wrapper.cfbundle; includeInIndex = 0; path = TenissBB2UITests.xctest; sourceTree = BUILT_PRODUCTS_DIR; };
		C5D6504A20E63119004DECD6 /* TenissBB2UITests.swift */ = {isa = PBXFileReference; lastKnownFileType = sourcecode.swift; path = TenissBB2UITests.swift; sourceTree = "<group>"; };
		C5D6504C20E63119004DECD6 /* Info.plist */ = {isa = PBXFileReference; lastKnownFileType = text.plist.xml; path = Info.plist; sourceTree = "<group>"; };
		C5D6505820E632AB004DECD6 /* SearchViewControllerTableViewCell.swift */ = {isa = PBXFileReference; lastKnownFileType = sourcecode.swift; path = SearchViewControllerTableViewCell.swift; sourceTree = "<group>"; };
		C5D6505E20E64060004DECD6 /* LoginViewController.swift */ = {isa = PBXFileReference; lastKnownFileType = sourcecode.swift; path = LoginViewController.swift; sourceTree = "<group>"; };
		C5D6506220E64C13004DECD6 /* GoogleService-Info.plist */ = {isa = PBXFileReference; fileEncoding = 4; lastKnownFileType = text.plist.xml; path = "GoogleService-Info.plist"; sourceTree = SOURCE_ROOT; };
		FA03257EFEAB74DA53F50593 /* Pods_TenissBB2.framework */ = {isa = PBXFileReference; explicitFileType = wrapper.framework; includeInIndex = 0; path = Pods_TenissBB2.framework; sourceTree = BUILT_PRODUCTS_DIR; };
		FAADFB66D1DB3E3B14FD5F53 /* Pods-TenissBB2UITests.release.xcconfig */ = {isa = PBXFileReference; includeInIndex = 1; lastKnownFileType = text.xcconfig; name = "Pods-TenissBB2UITests.release.xcconfig"; path = "Pods/Target Support Files/Pods-TenissBB2UITests/Pods-TenissBB2UITests.release.xcconfig"; sourceTree = "<group>"; };
/* End PBXFileReference section */

/* Begin PBXFrameworksBuildPhase section */
		C5D6502420E63117004DECD6 /* Frameworks */ = {
			isa = PBXFrameworksBuildPhase;
			buildActionMask = 2147483647;
			files = (
				2847F440FC98B472169A8DC3 /* Pods_TenissBB2.framework in Frameworks */,
			);
			runOnlyForDeploymentPostprocessing = 0;
		};
		C5D6503820E63118004DECD6 /* Frameworks */ = {
			isa = PBXFrameworksBuildPhase;
			buildActionMask = 2147483647;
			files = (
				DA724858DAB28ECCADE331A7 /* Pods_TenissBB2Tests.framework in Frameworks */,
			);
			runOnlyForDeploymentPostprocessing = 0;
		};
		C5D6504320E63119004DECD6 /* Frameworks */ = {
			isa = PBXFrameworksBuildPhase;
			buildActionMask = 2147483647;
			files = (
				3EC30D3D46C5ACB7DE155BC3 /* Pods_TenissBB2UITests.framework in Frameworks */,
			);
			runOnlyForDeploymentPostprocessing = 0;
		};
/* End PBXFrameworksBuildPhase section */

/* Begin PBXGroup section */
		78BC5551DFABB7ED620DF710 /* Pods */ = {
			isa = PBXGroup;
			children = (
				9A1E6827E9C167A3FDDB9F06 /* Pods-TenissBB2.debug.xcconfig */,
				AE9C96927045CC6254299651 /* Pods-TenissBB2.release.xcconfig */,
				C506E8F503D842C64B880D09 /* Pods-TenissBB2Tests.debug.xcconfig */,
				11D8AA826D9D283DF5FBC5B1 /* Pods-TenissBB2Tests.release.xcconfig */,
				840EEEF87A078F0238DB7B8D /* Pods-TenissBB2UITests.debug.xcconfig */,
				FAADFB66D1DB3E3B14FD5F53 /* Pods-TenissBB2UITests.release.xcconfig */,
			);
			name = Pods;
			sourceTree = "<group>";
		};
		C0894D5530FB8D4C9C08992B /* Frameworks */ = {
			isa = PBXGroup;
			children = (
				FA03257EFEAB74DA53F50593 /* Pods_TenissBB2.framework */,
				4A5CD81B272EE5224E2FC95F /* Pods_TenissBB2Tests.framework */,
				723A783E81505BFEE1140AA2 /* Pods_TenissBB2UITests.framework */,
			);
			name = Frameworks;
			sourceTree = "<group>";
		};
		C5D6501E20E63117004DECD6 = {
			isa = PBXGroup;
			children = (
				C5D6502920E63117004DECD6 /* TenissBB2 */,
				C5D6503E20E63118004DECD6 /* TenissBB2Tests */,
				C5D6504920E63119004DECD6 /* TenissBB2UITests */,
				C5D6502820E63117004DECD6 /* Products */,
				78BC5551DFABB7ED620DF710 /* Pods */,
				C0894D5530FB8D4C9C08992B /* Frameworks */,
			);
			sourceTree = "<group>";
		};
		C5D6502820E63117004DECD6 /* Products */ = {
			isa = PBXGroup;
			children = (
				C5D6502720E63117004DECD6 /* TenissBB2.app */,
				C5D6503B20E63118004DECD6 /* TenissBB2Tests.xctest */,
				C5D6504620E63119004DECD6 /* TenissBB2UITests.xctest */,
			);
			name = Products;
			sourceTree = "<group>";
		};
		C5D6502920E63117004DECD6 /* TenissBB2 */ = {
			isa = PBXGroup;
			children = (
				C5D6502E20E63117004DECD6 /* Main.storyboard */,
				C5D6502A20E63117004DECD6 /* AppDelegate.swift */,
				C5D6505E20E64060004DECD6 /* LoginViewController.swift */,
				C511564520EF706D007C05AE /* SigninViewController.swift */,
				C511564320E87BB6007C05AE /* InviteContentsViewController.swift */,
				C5D6502C20E63117004DECD6 /* SearchViewController.swift */,
				C5D6505820E632AB004DECD6 /* SearchViewControllerTableViewCell.swift */,
				C5336B12215505380099ADB7 /* JoinViewController.swift */,
				C525B7122139551300C8DC8D /* Post.swift */,
				C5D6503120E63118004DECD6 /* Assets.xcassets */,
				C5D6503320E63118004DECD6 /* LaunchScreen.storyboard */,
				C5D6503620E63118004DECD6 /* Info.plist */,
				C5D6506220E64C13004DECD6 /* GoogleService-Info.plist */,
				C525B71021303B4700C8DC8D /* blue-blurred-background.jpg */,
			);
			path = TenissBB2;
			sourceTree = "<group>";
		};
		C5D6503E20E63118004DECD6 /* TenissBB2Tests */ = {
			isa = PBXGroup;
			children = (
				C5D6503F20E63118004DECD6 /* TenissBB2Tests.swift */,
				C5D6504120E63118004DECD6 /* Info.plist */,
			);
			path = TenissBB2Tests;
			sourceTree = "<group>";
		};
		C5D6504920E63119004DECD6 /* TenissBB2UITests */ = {
			isa = PBXGroup;
			children = (
				C5D6504A20E63119004DECD6 /* TenissBB2UITests.swift */,
				C5D6504C20E63119004DECD6 /* Info.plist */,
			);
			path = TenissBB2UITests;
			sourceTree = "<group>";
		};
/* End PBXGroup section */

/* Begin PBXNativeTarget section */
		C5D6502620E63117004DECD6 /* TenissBB2 */ = {
			isa = PBXNativeTarget;
			buildConfigurationList = C5D6504F20E63119004DECD6 /* Build configuration list for PBXNativeTarget "TenissBB2" */;
			buildPhases = (
				1BD2B125B2893FE2506484B4 /* [CP] Check Pods Manifest.lock */,
				C5D6502320E63117004DECD6 /* Sources */,
				C5D6502420E63117004DECD6 /* Frameworks */,
				C5D6502520E63117004DECD6 /* Resources */,
				5366FBA5B601C65DDDBB22B1 /* [CP] Embed Pods Frameworks */,
			);
			buildRules = (
			);
			dependencies = (
			);
			name = TenissBB2;
			productName = TenissBB2;
			productReference = C5D6502720E63117004DECD6 /* TenissBB2.app */;
			productType = "com.apple.product-type.application";
		};
		C5D6503A20E63118004DECD6 /* TenissBB2Tests */ = {
			isa = PBXNativeTarget;
			buildConfigurationList = C5D6505220E63119004DECD6 /* Build configuration list for PBXNativeTarget "TenissBB2Tests" */;
			buildPhases = (
				70BD9780D31CE1E5A7567387 /* [CP] Check Pods Manifest.lock */,
				C5D6503720E63118004DECD6 /* Sources */,
				C5D6503820E63118004DECD6 /* Frameworks */,
				C5D6503920E63118004DECD6 /* Resources */,
			);
			buildRules = (
			);
			dependencies = (
				C5D6503D20E63118004DECD6 /* PBXTargetDependency */,
			);
			name = TenissBB2Tests;
			productName = TenissBB2Tests;
			productReference = C5D6503B20E63118004DECD6 /* TenissBB2Tests.xctest */;
			productType = "com.apple.product-type.bundle.unit-test";
		};
		C5D6504520E63119004DECD6 /* TenissBB2UITests */ = {
			isa = PBXNativeTarget;
			buildConfigurationList = C5D6505520E63119004DECD6 /* Build configuration list for PBXNativeTarget "TenissBB2UITests" */;
			buildPhases = (
				459C67B156037DB9279BBD1A /* [CP] Check Pods Manifest.lock */,
				C5D6504220E63119004DECD6 /* Sources */,
				C5D6504320E63119004DECD6 /* Frameworks */,
				C5D6504420E63119004DECD6 /* Resources */,
			);
			buildRules = (
			);
			dependencies = (
				C5D6504820E63119004DECD6 /* PBXTargetDependency */,
			);
			name = TenissBB2UITests;
			productName = TenissBB2UITests;
			productReference = C5D6504620E63119004DECD6 /* TenissBB2UITests.xctest */;
			productType = "com.apple.product-type.bundle.ui-testing";
		};
/* End PBXNativeTarget section */

/* Begin PBXProject section */
		C5D6501F20E63117004DECD6 /* Project object */ = {
			isa = PBXProject;
			attributes = {
				LastSwiftUpdateCheck = 0940;
				LastUpgradeCheck = 0940;
				ORGANIZATIONNAME = "剱物蒼太";
				TargetAttributes = {
					C5D6502620E63117004DECD6 = {
						CreatedOnToolsVersion = 9.4.1;
					};
					C5D6503A20E63118004DECD6 = {
						CreatedOnToolsVersion = 9.4.1;
						TestTargetID = C5D6502620E63117004DECD6;
					};
					C5D6504520E63119004DECD6 = {
						CreatedOnToolsVersion = 9.4.1;
						TestTargetID = C5D6502620E63117004DECD6;
					};
				};
			};
			buildConfigurationList = C5D6502220E63117004DECD6 /* Build configuration list for PBXProject "TenissBB2" */;
			compatibilityVersion = "Xcode 9.3";
			developmentRegion = en;
			hasScannedForEncodings = 0;
			knownRegions = (
				en,
				Base,
			);
			mainGroup = C5D6501E20E63117004DECD6;
			productRefGroup = C5D6502820E63117004DECD6 /* Products */;
			projectDirPath = "";
			projectRoot = "";
			targets = (
				C5D6502620E63117004DECD6 /* TenissBB2 */,
				C5D6503A20E63118004DECD6 /* TenissBB2Tests */,
				C5D6504520E63119004DECD6 /* TenissBB2UITests */,
			);
		};
/* End PBXProject section */

/* Begin PBXResourcesBuildPhase section */
		C5D6502520E63117004DECD6 /* Resources */ = {
			isa = PBXResourcesBuildPhase;
			buildActionMask = 2147483647;
			files = (
				C5D6503520E63118004DECD6 /* LaunchScreen.storyboard in Resources */,
				C525B71121303B4700C8DC8D /* blue-blurred-background.jpg in Resources */,
				C5D6506320E64C14004DECD6 /* GoogleService-Info.plist in Resources */,
				C5D6503220E63118004DECD6 /* Assets.xcassets in Resources */,
				C5D6503020E63117004DECD6 /* Main.storyboard in Resources */,
			);
			runOnlyForDeploymentPostprocessing = 0;
		};
		C5D6503920E63118004DECD6 /* Resources */ = {
			isa = PBXResourcesBuildPhase;
			buildActionMask = 2147483647;
			files = (
			);
			runOnlyForDeploymentPostprocessing = 0;
		};
		C5D6504420E63119004DECD6 /* Resources */ = {
			isa = PBXResourcesBuildPhase;
			buildActionMask = 2147483647;
			files = (
			);
			runOnlyForDeploymentPostprocessing = 0;
		};
/* End PBXResourcesBuildPhase section */

/* Begin PBXShellScriptBuildPhase section */
		1BD2B125B2893FE2506484B4 /* [CP] Check Pods Manifest.lock */ = {
			isa = PBXShellScriptBuildPhase;
			buildActionMask = 2147483647;
			files = (
			);
			inputPaths = (
				"${PODS_PODFILE_DIR_PATH}/Podfile.lock",
				"${PODS_ROOT}/Manifest.lock",
			);
			name = "[CP] Check Pods Manifest.lock";
			outputPaths = (
				"$(DERIVED_FILE_DIR)/Pods-TenissBB2-checkManifestLockResult.txt",
			);
			runOnlyForDeploymentPostprocessing = 0;
			shellPath = /bin/sh;
			shellScript = "diff \"${PODS_PODFILE_DIR_PATH}/Podfile.lock\" \"${PODS_ROOT}/Manifest.lock\" > /dev/null\nif [ $? != 0 ] ; then\n    # print error to STDERR\n    echo \"error: The sandbox is not in sync with the Podfile.lock. Run 'pod install' or update your CocoaPods installation.\" >&2\n    exit 1\nfi\n# This output is used by Xcode 'outputs' to avoid re-running this script phase.\necho \"SUCCESS\" > \"${SCRIPT_OUTPUT_FILE_0}\"\n";
			showEnvVarsInLog = 0;
		};
		459C67B156037DB9279BBD1A /* [CP] Check Pods Manifest.lock */ = {
			isa = PBXShellScriptBuildPhase;
			buildActionMask = 2147483647;
			files = (
			);
			inputPaths = (
				"${PODS_PODFILE_DIR_PATH}/Podfile.lock",
				"${PODS_ROOT}/Manifest.lock",
			);
			name = "[CP] Check Pods Manifest.lock";
			outputPaths = (
				"$(DERIVED_FILE_DIR)/Pods-TenissBB2UITests-checkManifestLockResult.txt",
			);
			runOnlyForDeploymentPostprocessing = 0;
			shellPath = /bin/sh;
			shellScript = "diff \"${PODS_PODFILE_DIR_PATH}/Podfile.lock\" \"${PODS_ROOT}/Manifest.lock\" > /dev/null\nif [ $? != 0 ] ; then\n    # print error to STDERR\n    echo \"error: The sandbox is not in sync with the Podfile.lock. Run 'pod install' or update your CocoaPods installation.\" >&2\n    exit 1\nfi\n# This output is used by Xcode 'outputs' to avoid re-running this script phase.\necho \"SUCCESS\" > \"${SCRIPT_OUTPUT_FILE_0}\"\n";
			showEnvVarsInLog = 0;
		};
		5366FBA5B601C65DDDBB22B1 /* [CP] Embed Pods Frameworks */ = {
			isa = PBXShellScriptBuildPhase;
			buildActionMask = 2147483647;
			files = (
			);
			inputPaths = (
				"${SRCROOT}/Pods/Target Support Files/Pods-TenissBB2/Pods-TenissBB2-frameworks.sh",
				"${BUILT_PRODUCTS_DIR}/GTMSessionFetcher/GTMSessionFetcher.framework",
				"${BUILT_PRODUCTS_DIR}/GoogleToolboxForMac/GoogleToolboxForMac.framework",
				"${BUILT_PRODUCTS_DIR}/leveldb-library/leveldb.framework",
				"${BUILT_PRODUCTS_DIR}/nanopb/nanopb.framework",
			);
			name = "[CP] Embed Pods Frameworks";
			outputPaths = (
				"${TARGET_BUILD_DIR}/${FRAMEWORKS_FOLDER_PATH}/GTMSessionFetcher.framework",
				"${TARGET_BUILD_DIR}/${FRAMEWORKS_FOLDER_PATH}/GoogleToolboxForMac.framework",
				"${TARGET_BUILD_DIR}/${FRAMEWORKS_FOLDER_PATH}/leveldb.framework",
				"${TARGET_BUILD_DIR}/${FRAMEWORKS_FOLDER_PATH}/nanopb.framework",
			);
			runOnlyForDeploymentPostprocessing = 0;
			shellPath = /bin/sh;
			shellScript = "\"${SRCROOT}/Pods/Target Support Files/Pods-TenissBB2/Pods-TenissBB2-frameworks.sh\"\n";
			showEnvVarsInLog = 0;
		};
		70BD9780D31CE1E5A7567387 /* [CP] Check Pods Manifest.lock */ = {
			isa = PBXShellScriptBuildPhase;
			buildActionMask = 2147483647;
			files = (
			);
			inputPaths = (
				"${PODS_PODFILE_DIR_PATH}/Podfile.lock",
				"${PODS_ROOT}/Manifest.lock",
			);
			name = "[CP] Check Pods Manifest.lock";
			outputPaths = (
				"$(DERIVED_FILE_DIR)/Pods-TenissBB2Tests-checkManifestLockResult.txt",
			);
			runOnlyForDeploymentPostprocessing = 0;
			shellPath = /bin/sh;
			shellScript = "diff \"${PODS_PODFILE_DIR_PATH}/Podfile.lock\" \"${PODS_ROOT}/Manifest.lock\" > /dev/null\nif [ $? != 0 ] ; then\n    # print error to STDERR\n    echo \"error: The sandbox is not in sync with the Podfile.lock. Run 'pod install' or update your CocoaPods installation.\" >&2\n    exit 1\nfi\n# This output is used by Xcode 'outputs' to avoid re-running this script phase.\necho \"SUCCESS\" > \"${SCRIPT_OUTPUT_FILE_0}\"\n";
			showEnvVarsInLog = 0;
		};
/* End PBXShellScriptBuildPhase section */

/* Begin PBXSourcesBuildPhase section */
		C5D6502320E63117004DECD6 /* Sources */ = {
			isa = PBXSourcesBuildPhase;
			buildActionMask = 2147483647;
			files = (
				C5D6505F20E64060004DECD6 /* LoginViewController.swift in Sources */,
				C5D6502D20E63117004DECD6 /* SearchViewController.swift in Sources */,
				C5336B13215505380099ADB7 /* JoinViewController.swift in Sources */,
				C511564620EF706D007C05AE /* SigninViewController.swift in Sources */,
				C511564420E87BB6007C05AE /* InviteContentsViewController.swift in Sources */,
				C5D6502B20E63117004DECD6 /* AppDelegate.swift in Sources */,
				C525B7132139551300C8DC8D /* Post.swift in Sources */,
				C5D6505920E632AB004DECD6 /* SearchViewControllerTableViewCell.swift in Sources */,
			);
			runOnlyForDeploymentPostprocessing = 0;
		};
		C5D6503720E63118004DECD6 /* Sources */ = {
			isa = PBXSourcesBuildPhase;
			buildActionMask = 2147483647;
			files = (
				C5D6504020E63118004DECD6 /* TenissBB2Tests.swift in Sources */,
			);
			runOnlyForDeploymentPostprocessing = 0;
		};
		C5D6504220E63119004DECD6 /* Sources */ = {
			isa = PBXSourcesBuildPhase;
			buildActionMask = 2147483647;
			files = (
				C5D6504B20E63119004DECD6 /* TenissBB2UITests.swift in Sources */,
			);
			runOnlyForDeploymentPostprocessing = 0;
		};
/* End PBXSourcesBuildPhase section */

/* Begin PBXTargetDependency section */
		C5D6503D20E63118004DECD6 /* PBXTargetDependency */ = {
			isa = PBXTargetDependency;
			target = C5D6502620E63117004DECD6 /* TenissBB2 */;
			targetProxy = C5D6503C20E63118004DECD6 /* PBXContainerItemProxy */;
		};
		C5D6504820E63119004DECD6 /* PBXTargetDependency */ = {
			isa = PBXTargetDependency;
			target = C5D6502620E63117004DECD6 /* TenissBB2 */;
			targetProxy = C5D6504720E63119004DECD6 /* PBXContainerItemProxy */;
		};
/* End PBXTargetDependency section */

/* Begin PBXVariantGroup section */
		C5D6502E20E63117004DECD6 /* Main.storyboard */ = {
			isa = PBXVariantGroup;
			children = (
				C5D6502F20E63117004DECD6 /* Base */,
			);
			name = Main.storyboard;
			sourceTree = "<group>";
		};
		C5D6503320E63118004DECD6 /* LaunchScreen.storyboard */ = {
			isa = PBXVariantGroup;
			children = (
				C5D6503420E63118004DECD6 /* Base */,
			);
			name = LaunchScreen.storyboard;
			sourceTree = "<group>";
		};
/* End PBXVariantGroup section */

/* Begin XCBuildConfiguration section */
		C5D6504D20E63119004DECD6 /* Debug */ = {
			isa = XCBuildConfiguration;
			buildSettings = {
				ALWAYS_SEARCH_USER_PATHS = NO;
				CLANG_ANALYZER_NONNULL = YES;
				CLANG_ANALYZER_NUMBER_OBJECT_CONVERSION = YES_AGGRESSIVE;
				CLANG_CXX_LANGUAGE_STANDARD = "gnu++14";
				CLANG_CXX_LIBRARY = "libc++";
				CLANG_ENABLE_MODULES = YES;
				CLANG_ENABLE_OBJC_ARC = YES;
				CLANG_ENABLE_OBJC_WEAK = YES;
				CLANG_WARN_BLOCK_CAPTURE_AUTORELEASING = YES;
				CLANG_WARN_BOOL_CONVERSION = YES;
				CLANG_WARN_COMMA = YES;
				CLANG_WARN_CONSTANT_CONVERSION = YES;
				CLANG_WARN_DEPRECATED_OBJC_IMPLEMENTATIONS = YES;
				CLANG_WARN_DIRECT_OBJC_ISA_USAGE = YES_ERROR;
				CLANG_WARN_DOCUMENTATION_COMMENTS = YES;
				CLANG_WARN_EMPTY_BODY = YES;
				CLANG_WARN_ENUM_CONVERSION = YES;
				CLANG_WARN_INFINITE_RECURSION = YES;
				CLANG_WARN_INT_CONVERSION = YES;
				CLANG_WARN_NON_LITERAL_NULL_CONVERSION = YES;
				CLANG_WARN_OBJC_IMPLICIT_RETAIN_SELF = YES;
				CLANG_WARN_OBJC_LITERAL_CONVERSION = YES;
				CLANG_WARN_OBJC_ROOT_CLASS = YES_ERROR;
				CLANG_WARN_RANGE_LOOP_ANALYSIS = YES;
				CLANG_WARN_STRICT_PROTOTYPES = YES;
				CLANG_WARN_SUSPICIOUS_MOVE = YES;
				CLANG_WARN_UNGUARDED_AVAILABILITY = YES_AGGRESSIVE;
				CLANG_WARN_UNREACHABLE_CODE = YES;
				CLANG_WARN__DUPLICATE_METHOD_MATCH = YES;
				CODE_SIGN_IDENTITY = "iPhone Developer";
				COPY_PHASE_STRIP = NO;
				DEBUG_INFORMATION_FORMAT = dwarf;
				ENABLE_STRICT_OBJC_MSGSEND = YES;
				ENABLE_TESTABILITY = YES;
				GCC_C_LANGUAGE_STANDARD = gnu11;
				GCC_DYNAMIC_NO_PIC = NO;
				GCC_NO_COMMON_BLOCKS = YES;
				GCC_OPTIMIZATION_LEVEL = 0;
				GCC_PREPROCESSOR_DEFINITIONS = (
					"DEBUG=1",
					"$(inherited)",
				);
				GCC_WARN_64_TO_32_BIT_CONVERSION = YES;
				GCC_WARN_ABOUT_RETURN_TYPE = YES_ERROR;
				GCC_WARN_UNDECLARED_SELECTOR = YES;
				GCC_WARN_UNINITIALIZED_AUTOS = YES_AGGRESSIVE;
				GCC_WARN_UNUSED_FUNCTION = YES;
				GCC_WARN_UNUSED_VARIABLE = YES;
				IPHONEOS_DEPLOYMENT_TARGET = 11.4;
				MTL_ENABLE_DEBUG_INFO = YES;
				ONLY_ACTIVE_ARCH = YES;
				SDKROOT = iphoneos;
				SWIFT_ACTIVE_COMPILATION_CONDITIONS = DEBUG;
				SWIFT_OPTIMIZATION_LEVEL = "-Onone";
			};
			name = Debug;
		};
		C5D6504E20E63119004DECD6 /* Release */ = {
			isa = XCBuildConfiguration;
			buildSettings = {
				ALWAYS_SEARCH_USER_PATHS = NO;
				CLANG_ANALYZER_NONNULL = YES;
				CLANG_ANALYZER_NUMBER_OBJECT_CONVERSION = YES_AGGRESSIVE;
				CLANG_CXX_LANGUAGE_STANDARD = "gnu++14";
				CLANG_CXX_LIBRARY = "libc++";
				CLANG_ENABLE_MODULES = YES;
				CLANG_ENABLE_OBJC_ARC = YES;
				CLANG_ENABLE_OBJC_WEAK = YES;
				CLANG_WARN_BLOCK_CAPTURE_AUTORELEASING = YES;
				CLANG_WARN_BOOL_CONVERSION = YES;
				CLANG_WARN_COMMA = YES;
				CLANG_WARN_CONSTANT_CONVERSION = YES;
				CLANG_WARN_DEPRECATED_OBJC_IMPLEMENTATIONS = YES;
				CLANG_WARN_DIRECT_OBJC_ISA_USAGE = YES_ERROR;
				CLANG_WARN_DOCUMENTATION_COMMENTS = YES;
				CLANG_WARN_EMPTY_BODY = YES;
				CLANG_WARN_ENUM_CONVERSION = YES;
				CLANG_WARN_INFINITE_RECURSION = YES;
				CLANG_WARN_INT_CONVERSION = YES;
				CLANG_WARN_NON_LITERAL_NULL_CONVERSION = YES;
				CLANG_WARN_OBJC_IMPLICIT_RETAIN_SELF = YES;
				CLANG_WARN_OBJC_LITERAL_CONVERSION = YES;
				CLANG_WARN_OBJC_ROOT_CLASS = YES_ERROR;
				CLANG_WARN_RANGE_LOOP_ANALYSIS = YES;
				CLANG_WARN_STRICT_PROTOTYPES = YES;
				CLANG_WARN_SUSPICIOUS_MOVE = YES;
				CLANG_WARN_UNGUARDED_AVAILABILITY = YES_AGGRESSIVE;
				CLANG_WARN_UNREACHABLE_CODE = YES;
				CLANG_WARN__DUPLICATE_METHOD_MATCH = YES;
				CODE_SIGN_IDENTITY = "iPhone Developer";
				COPY_PHASE_STRIP = NO;
				DEBUG_INFORMATION_FORMAT = "dwarf-with-dsym";
				ENABLE_NS_ASSERTIONS = NO;
				ENABLE_STRICT_OBJC_MSGSEND = YES;
				GCC_C_LANGUAGE_STANDARD = gnu11;
				GCC_NO_COMMON_BLOCKS = YES;
				GCC_WARN_64_TO_32_BIT_CONVERSION = YES;
				GCC_WARN_ABOUT_RETURN_TYPE = YES_ERROR;
				GCC_WARN_UNDECLARED_SELECTOR = YES;
				GCC_WARN_UNINITIALIZED_AUTOS = YES_AGGRESSIVE;
				GCC_WARN_UNUSED_FUNCTION = YES;
				GCC_WARN_UNUSED_VARIABLE = YES;
				IPHONEOS_DEPLOYMENT_TARGET = 11.4;
				MTL_ENABLE_DEBUG_INFO = NO;
				SDKROOT = iphoneos;
				SWIFT_COMPILATION_MODE = wholemodule;
				SWIFT_OPTIMIZATION_LEVEL = "-O";
				VALIDATE_PRODUCT = YES;
			};
			name = Release;
		};
		C5D6505020E63119004DECD6 /* Debug */ = {
			isa = XCBuildConfiguration;
			baseConfigurationReference = 9A1E6827E9C167A3FDDB9F06 /* Pods-TenissBB2.debug.xcconfig */;
			buildSettings = {
				ASSETCATALOG_COMPILER_APPICON_NAME = AppIcon;
				CODE_SIGN_STYLE = Automatic;
				INFOPLIST_FILE = TenissBB2/Info.plist;
				LD_RUNPATH_SEARCH_PATHS = (
					"$(inherited)",
					"@executable_path/Frameworks",
				);
				PRODUCT_BUNDLE_IDENTIFIER = com.litech.TenissBB2;
				PRODUCT_NAME = "$(TARGET_NAME)";
				SWIFT_VERSION = 4.0;
				TARGETED_DEVICE_FAMILY = "1,2";
			};
			name = Debug;
		};
		C5D6505120E63119004DECD6 /* Release */ = {
			isa = XCBuildConfiguration;
			baseConfigurationReference = AE9C96927045CC6254299651 /* Pods-TenissBB2.release.xcconfig */;
			buildSettings = {
				ASSETCATALOG_COMPILER_APPICON_NAME = AppIcon;
				CODE_SIGN_STYLE = Automatic;
				INFOPLIST_FILE = TenissBB2/Info.plist;
				LD_RUNPATH_SEARCH_PATHS = (
					"$(inherited)",
					"@executable_path/Frameworks",
				);
				PRODUCT_BUNDLE_IDENTIFIER = com.litech.TenissBB2;
				PRODUCT_NAME = "$(TARGET_NAME)";
				SWIFT_VERSION = 4.0;
				TARGETED_DEVICE_FAMILY = "1,2";
			};
			name = Release;
		};
		C5D6505320E63119004DECD6 /* Debug */ = {
			isa = XCBuildConfiguration;
			baseConfigurationReference = C506E8F503D842C64B880D09 /* Pods-TenissBB2Tests.debug.xcconfig */;
			buildSettings = {
				ALWAYS_EMBED_SWIFT_STANDARD_LIBRARIES = YES;
				BUNDLE_LOADER = "$(TEST_HOST)";
				CODE_SIGN_STYLE = Automatic;
				INFOPLIST_FILE = TenissBB2Tests/Info.plist;
				LD_RUNPATH_SEARCH_PATHS = (
					"$(inherited)",
					"@executable_path/Frameworks",
					"@loader_path/Frameworks",
				);
				PRODUCT_BUNDLE_IDENTIFIER = com.litech.TenissBB2Tests;
				PRODUCT_NAME = "$(TARGET_NAME)";
				SWIFT_VERSION = 4.0;
				TARGETED_DEVICE_FAMILY = "1,2";
				TEST_HOST = "$(BUILT_PRODUCTS_DIR)/TenissBB2.app/TenissBB2";
			};
			name = Debug;
		};
		C5D6505420E63119004DECD6 /* Release */ = {
			isa = XCBuildConfiguration;
			baseConfigurationReference = 11D8AA826D9D283DF5FBC5B1 /* Pods-TenissBB2Tests.release.xcconfig */;
			buildSettings = {
				ALWAYS_EMBED_SWIFT_STANDARD_LIBRARIES = YES;
				BUNDLE_LOADER = "$(TEST_HOST)";
				CODE_SIGN_STYLE = Automatic;
				INFOPLIST_FILE = TenissBB2Tests/Info.plist;
				LD_RUNPATH_SEARCH_PATHS = (
					"$(inherited)",
					"@executable_path/Frameworks",
					"@loader_path/Frameworks",
				);
				PRODUCT_BUNDLE_IDENTIFIER = com.litech.TenissBB2Tests;
				PRODUCT_NAME = "$(TARGET_NAME)";
				SWIFT_VERSION = 4.0;
				TARGETED_DEVICE_FAMILY = "1,2";
				TEST_HOST = "$(BUILT_PRODUCTS_DIR)/TenissBB2.app/TenissBB2";
			};
			name = Release;
		};
		C5D6505620E63119004DECD6 /* Debug */ = {
			isa = XCBuildConfiguration;
			baseConfigurationReference = 840EEEF87A078F0238DB7B8D /* Pods-TenissBB2UITests.debug.xcconfig */;
			buildSettings = {
				ALWAYS_EMBED_SWIFT_STANDARD_LIBRARIES = YES;
				CODE_SIGN_STYLE = Automatic;
				INFOPLIST_FILE = TenissBB2UITests/Info.plist;
				LD_RUNPATH_SEARCH_PATHS = (
					"$(inherited)",
					"@executable_path/Frameworks",
					"@loader_path/Frameworks",
				);
				PRODUCT_BUNDLE_IDENTIFIER = com.litech.TenissBB2UITests;
				PRODUCT_NAME = "$(TARGET_NAME)";
				SWIFT_VERSION = 4.0;
				TARGETED_DEVICE_FAMILY = "1,2";
				TEST_TARGET_NAME = TenissBB2;
			};
			name = Debug;
		};
		C5D6505720E63119004DECD6 /* Release */ = {
			isa = XCBuildConfiguration;
			baseConfigurationReference = FAADFB66D1DB3E3B14FD5F53 /* Pods-TenissBB2UITests.release.xcconfig */;
			buildSettings = {
				ALWAYS_EMBED_SWIFT_STANDARD_LIBRARIES = YES;
				CODE_SIGN_STYLE = Automatic;
				INFOPLIST_FILE = TenissBB2UITests/Info.plist;
				LD_RUNPATH_SEARCH_PATHS = (
					"$(inherited)",
					"@executable_path/Frameworks",
					"@loader_path/Frameworks",
				);
				PRODUCT_BUNDLE_IDENTIFIER = com.litech.TenissBB2UITests;
				PRODUCT_NAME = "$(TARGET_NAME)";
				SWIFT_VERSION = 4.0;
				TARGETED_DEVICE_FAMILY = "1,2";
				TEST_TARGET_NAME = TenissBB2;
			};
			name = Release;
		};
/* End XCBuildConfiguration section */

/* Begin XCConfigurationList section */
		C5D6502220E63117004DECD6 /* Build configuration list for PBXProject "TenissBB2" */ = {
			isa = XCConfigurationList;
			buildConfigurations = (
				C5D6504D20E63119004DECD6 /* Debug */,
				C5D6504E20E63119004DECD6 /* Release */,
			);
			defaultConfigurationIsVisible = 0;
			defaultConfigurationName = Release;
		};
		C5D6504F20E63119004DECD6 /* Build configuration list for PBXNativeTarget "TenissBB2" */ = {
			isa = XCConfigurationList;
			buildConfigurations = (
				C5D6505020E63119004DECD6 /* Debug */,
				C5D6505120E63119004DECD6 /* Release */,
			);
			defaultConfigurationIsVisible = 0;
			defaultConfigurationName = Release;
		};
		C5D6505220E63119004DECD6 /* Build configuration list for PBXNativeTarget "TenissBB2Tests" */ = {
			isa = XCConfigurationList;
			buildConfigurations = (
				C5D6505320E63119004DECD6 /* Debug */,
				C5D6505420E63119004DECD6 /* Release */,
			);
			defaultConfigurationIsVisible = 0;
			defaultConfigurationName = Release;
		};
		C5D6505520E63119004DECD6 /* Build configuration list for PBXNativeTarget "TenissBB2UITests" */ = {
			isa = XCConfigurationList;
			buildConfigurations = (
				C5D6505620E63119004DECD6 /* Debug */,
				C5D6505720E63119004DECD6 /* Release */,
			);
			defaultConfigurationIsVisible = 0;
			defaultConfigurationName = Release;
		};
/* End XCConfigurationList section */
	};
	rootObject = C5D6501F20E63117004DECD6 /* Project object */;
}
